Microsoft Visual Studio Solution File, Format Version 11.00
# Visual Studio 2008

Project("{FCE6776A-2CB0-D742-F954-503D2EE69BA4}") = "crowdPanic", "Assembly-CSharp.csproj", "{0C5F4F1E-BA59-E695-30EF-C234718FFF9B}"
EndProject
Global
	GlobalSection(SolutionConfigurationPlatforms) = preSolution
		Debug|Any CPU = Debug|Any CPU
		Release|Any CPU = Release|Any CPU
	EndGlobalSection
	GlobalSection(ProjectConfigurationPlatforms) = postSolution
		{0C5F4F1E-BA59-E695-30EF-C234718FFF9B}.Debug|Any CPU.ActiveCfg = Debug|Any CPU
		{0C5F4F1E-BA59-E695-30EF-C234718FFF9B}.Debug|Any CPU.Build.0 = Debug|Any CPU
		{0C5F4F1E-BA59-E695-30EF-C234718FFF9B}.Release|Any CPU.ActiveCfg = Release|Any CPU
		{0C5F4F1E-BA59-E695-30EF-C234718FFF9B}.Release|Any CPU.Build.0 = Release|Any CPU
	EndGlobalSection
	GlobalSection(SolutionProperties) = preSolution
		HideSolutionNode = FALSE
	EndGlobalSection
	GlobalSection(MonoDevelopProperties) = preSolution
		StartupItem = Assembly-CSharp.csproj
	EndGlobalSection
EndGlobal
