Microsoft Visual Studio Solution File, Format Version 11.00
# Visual Studio 2008

Project("{894073DD-EA89-DB2B-FA2A-F6615D4A2A52}") = "crowdPanicSimulator-master", "Assembly-CSharp.csproj", "{2E625CCB-F56E-2A35-52FA-BA4DF4B697C6}"
EndProject
Global
	GlobalSection(SolutionConfigurationPlatforms) = preSolution
		Debug|Any CPU = Debug|Any CPU
		Release|Any CPU = Release|Any CPU
	EndGlobalSection
	GlobalSection(ProjectConfigurationPlatforms) = postSolution
		{2E625CCB-F56E-2A35-52FA-BA4DF4B697C6}.Debug|Any CPU.ActiveCfg = Debug|Any CPU
		{2E625CCB-F56E-2A35-52FA-BA4DF4B697C6}.Debug|Any CPU.Build.0 = Debug|Any CPU
		{2E625CCB-F56E-2A35-52FA-BA4DF4B697C6}.Release|Any CPU.ActiveCfg = Release|Any CPU
		{2E625CCB-F56E-2A35-52FA-BA4DF4B697C6}.Release|Any CPU.Build.0 = Release|Any CPU
	EndGlobalSection
	GlobalSection(SolutionProperties) = preSolution
		HideSolutionNode = FALSE
	EndGlobalSection
	GlobalSection(MonoDevelopProperties) = preSolution
		StartupItem = Assembly-CSharp.csproj
	EndGlobalSection
EndGlobal
